
Microsoft Visual Studio Solution File, Format Version 12.00
# Visual Studio Version 17
VisualStudioVersion = 17.9.34622.214
MinimumVisualStudioVersion = 10.0.40219.1
Project("{9A19103F-16F7-4668-BE54-9A1E7A4F7556}") = "Pixel.Http", "Pixel.Http\Pixel.Http.csproj", "{666FCD46-DE05-4967-9F06-4ECFCA7426F4}"
EndProject
Project("{2150E333-8FDC-42A3-9474-1A3956D46DE8}") = "02 - Contracts", "02 - Contracts", "{4906EAEE-FABC-45BB-AFF4-C1C9C8B65A7F}"
EndProject
Project("{9A19103F-16F7-4668-BE54-9A1E7A4F7556}") = "Pixel.Messages", "Pixel.Messages\Pixel.Messages.csproj", "{EC95F279-2128-42B4-A1ED-BDBED67DE9D9}"
EndProject
Project("{2150E333-8FDC-42A3-9474-1A3956D46DE8}") = "01 - Shared", "01 - Shared", "{4AC8FF36-EE7B-4898-AF42-A1FF37E7FF7A}"
EndProject
Project("{9A19103F-16F7-4668-BE54-9A1E7A4F7556}") = "Pixel.Shared.Messages", "Pixel.Shared.Messages\Pixel.Shared.Messages.csproj", "{6D4108B3-3671-4DCD-9FE3-7A73723BA476}"
EndProject
Project("{9A19103F-16F7-4668-BE54-9A1E7A4F7556}") = "Pixel.Storage.Service", "Pixel.Storage.Service\Pixel.Storage.Service.csproj", "{DAA612AD-653F-41F8-842D-4E115BEFC27A}"
EndProject
Project("{9A19103F-16F7-4668-BE54-9A1E7A4F7556}") = "Pixel.Shared.Messaging", "Pixel.Shared.Messaging\Pixel.Shared.Messaging.csproj", "{F8AF169F-6EB7-4DD1-9ED1-3660326F7CED}"
EndProject
Project("{2150E333-8FDC-42A3-9474-1A3956D46DE8}") = "03 - Http", "03 - Http", "{6E9A75F8-ED0E-4828-A848-5C85C8B14BC8}"
EndProject
Project("{2150E333-8FDC-42A3-9474-1A3956D46DE8}") = "04 - Storage Service", "04 - Storage Service", "{7558B181-76CA-4F05-88BE-26A032C43B48}"
EndProject
Project("{2150E333-8FDC-42A3-9474-1A3956D46DE8}") = "00 - Solution", "00 - Solution", "{BAC713C1-E11F-43B4-BAE6-02B0A5D895C0}"
	ProjectSection(SolutionItems) = preProject
		README.md = README.md
	EndProjectSection
EndProject
Project("{9A19103F-16F7-4668-BE54-9A1E7A4F7556}") = "Pixel.Domain.Core", "Pixel.Domain.Core\Pixel.Domain.Core.csproj", "{FB6391B2-816D-43C7-B5C2-BB5CA163CE02}"
EndProject
Project("{2150E333-8FDC-42A3-9474-1A3956D46DE8}") = "05 - Domain", "05 - Domain", "{C82E10BB-37C1-4BF3-BE57-F3DD587132EB}"
EndProject
Project("{2150E333-8FDC-42A3-9474-1A3956D46DE8}") = "06 - Data", "06 - Data", "{66F3DB94-A10F-452D-BE98-6B4A24937CBE}"
EndProject
Project("{9A19103F-16F7-4668-BE54-9A1E7A4F7556}") = "Pixel.Data.Adapters", "Pixel.Data.Adapters\Pixel.Data.Adapters.csproj", "{E5CA5D44-D02C-42BF-A2B2-9672DD6C73E6}"
EndProject
Project("{E53339B2-1760-4266-BCC7-CA923CBCF16C}") = "docker-compose", "docker-compose.dcproj", "{30173811-7C40-402D-A17C-76E6CA76A99C}"
EndProject
Project("{9A19103F-16F7-4668-BE54-9A1E7A4F7556}") = "Pixel.Http.Tests", "Pixel.Http.Tests\Pixel.Http.Tests.csproj", "{BFD4F5A7-4E6E-4EB8-9641-531929208001}"
EndProject
Project("{9A19103F-16F7-4668-BE54-9A1E7A4F7556}") = "Pixel.Storage.Service.Tests", "Pixel.Storage.Service.Tests\Pixel.Storage.Service.Tests.csproj", "{4DC3A701-1850-442D-A0EE-E4A27D5E7964}"
EndProject
Project("{9A19103F-16F7-4668-BE54-9A1E7A4F7556}") = "Pixel.Data.Adapters.Tests", "Pixel.Data.Adapters.Tests\Pixel.Data.Adapters.Tests.csproj", "{4044CD8B-A42B-46E1-ADE9-247A7E39DF73}"
EndProject
Global
	GlobalSection(SolutionConfigurationPlatforms) = preSolution
		Debug|Any CPU = Debug|Any CPU
		Release|Any CPU = Release|Any CPU
	EndGlobalSection
	GlobalSection(ProjectConfigurationPlatforms) = postSolution
		{666FCD46-DE05-4967-9F06-4ECFCA7426F4}.Debug|Any CPU.ActiveCfg = Debug|Any CPU
		{666FCD46-DE05-4967-9F06-4ECFCA7426F4}.Debug|Any CPU.Build.0 = Debug|Any CPU
		{666FCD46-DE05-4967-9F06-4ECFCA7426F4}.Release|Any CPU.ActiveCfg = Release|Any CPU
		{666FCD46-DE05-4967-9F06-4ECFCA7426F4}.Release|Any CPU.Build.0 = Release|Any CPU
		{EC95F279-2128-42B4-A1ED-BDBED67DE9D9}.Debug|Any CPU.ActiveCfg = Debug|Any CPU
		{EC95F279-2128-42B4-A1ED-BDBED67DE9D9}.Debug|Any CPU.Build.0 = Debug|Any CPU
		{EC95F279-2128-42B4-A1ED-BDBED67DE9D9}.Release|Any CPU.ActiveCfg = Release|Any CPU
		{EC95F279-2128-42B4-A1ED-BDBED67DE9D9}.Release|Any CPU.Build.0 = Release|Any CPU
		{6D4108B3-3671-4DCD-9FE3-7A73723BA476}.Debug|Any CPU.ActiveCfg = Debug|Any CPU
		{6D4108B3-3671-4DCD-9FE3-7A73723BA476}.Debug|Any CPU.Build.0 = Debug|Any CPU
		{6D4108B3-3671-4DCD-9FE3-7A73723BA476}.Release|Any CPU.ActiveCfg = Release|Any CPU
		{6D4108B3-3671-4DCD-9FE3-7A73723BA476}.Release|Any CPU.Build.0 = Release|Any CPU
		{DAA612AD-653F-41F8-842D-4E115BEFC27A}.Debug|Any CPU.ActiveCfg = Debug|Any CPU
		{DAA612AD-653F-41F8-842D-4E115BEFC27A}.Debug|Any CPU.Build.0 = Debug|Any CPU
		{DAA612AD-653F-41F8-842D-4E115BEFC27A}.Release|Any CPU.ActiveCfg = Release|Any CPU
		{DAA612AD-653F-41F8-842D-4E115BEFC27A}.Release|Any CPU.Build.0 = Release|Any CPU
		{F8AF169F-6EB7-4DD1-9ED1-3660326F7CED}.Debug|Any CPU.ActiveCfg = Debug|Any CPU
		{F8AF169F-6EB7-4DD1-9ED1-3660326F7CED}.Debug|Any CPU.Build.0 = Debug|Any CPU
		{F8AF169F-6EB7-4DD1-9ED1-3660326F7CED}.Release|Any CPU.ActiveCfg = Release|Any CPU
		{F8AF169F-6EB7-4DD1-9ED1-3660326F7CED}.Release|Any CPU.Build.0 = Release|Any CPU
		{FB6391B2-816D-43C7-B5C2-BB5CA163CE02}.Debug|Any CPU.ActiveCfg = Debug|Any CPU
		{FB6391B2-816D-43C7-B5C2-BB5CA163CE02}.Debug|Any CPU.Build.0 = Debug|Any CPU
		{FB6391B2-816D-43C7-B5C2-BB5CA163CE02}.Release|Any CPU.ActiveCfg = Release|Any CPU
		{FB6391B2-816D-43C7-B5C2-BB5CA163CE02}.Release|Any CPU.Build.0 = Release|Any CPU
		{E5CA5D44-D02C-42BF-A2B2-9672DD6C73E6}.Debug|Any CPU.ActiveCfg = Debug|Any CPU
		{E5CA5D44-D02C-42BF-A2B2-9672DD6C73E6}.Debug|Any CPU.Build.0 = Debug|Any CPU
		{E5CA5D44-D02C-42BF-A2B2-9672DD6C73E6}.Release|Any CPU.ActiveCfg = Release|Any CPU
		{E5CA5D44-D02C-42BF-A2B2-9672DD6C73E6}.Release|Any CPU.Build.0 = Release|Any CPU
		{30173811-7C40-402D-A17C-76E6CA76A99C}.Debug|Any CPU.ActiveCfg = Debug|Any CPU
		{30173811-7C40-402D-A17C-76E6CA76A99C}.Debug|Any CPU.Build.0 = Debug|Any CPU
		{30173811-7C40-402D-A17C-76E6CA76A99C}.Release|Any CPU.ActiveCfg = Release|Any CPU
		{30173811-7C40-402D-A17C-76E6CA76A99C}.Release|Any CPU.Build.0 = Release|Any CPU
		{BFD4F5A7-4E6E-4EB8-9641-531929208001}.Debug|Any CPU.ActiveCfg = Debug|Any CPU
		{BFD4F5A7-4E6E-4EB8-9641-531929208001}.Debug|Any CPU.Build.0 = Debug|Any CPU
		{BFD4F5A7-4E6E-4EB8-9641-531929208001}.Release|Any CPU.ActiveCfg = Release|Any CPU
		{BFD4F5A7-4E6E-4EB8-9641-531929208001}.Release|Any CPU.Build.0 = Release|Any CPU
		{4DC3A701-1850-442D-A0EE-E4A27D5E7964}.Debug|Any CPU.ActiveCfg = Debug|Any CPU
		{4DC3A701-1850-442D-A0EE-E4A27D5E7964}.Debug|Any CPU.Build.0 = Debug|Any CPU
		{4DC3A701-1850-442D-A0EE-E4A27D5E7964}.Release|Any CPU.ActiveCfg = Release|Any CPU
		{4DC3A701-1850-442D-A0EE-E4A27D5E7964}.Release|Any CPU.Build.0 = Release|Any CPU
		{4044CD8B-A42B-46E1-ADE9-247A7E39DF73}.Debug|Any CPU.ActiveCfg = Debug|Any CPU
		{4044CD8B-A42B-46E1-ADE9-247A7E39DF73}.Debug|Any CPU.Build.0 = Debug|Any CPU
		{4044CD8B-A42B-46E1-ADE9-247A7E39DF73}.Release|Any CPU.ActiveCfg = Release|Any CPU
		{4044CD8B-A42B-46E1-ADE9-247A7E39DF73}.Release|Any CPU.Build.0 = Release|Any CPU
	EndGlobalSection
	GlobalSection(SolutionProperties) = preSolution
		HideSolutionNode = FALSE
	EndGlobalSection
	GlobalSection(NestedProjects) = preSolution
		{666FCD46-DE05-4967-9F06-4ECFCA7426F4} = {6E9A75F8-ED0E-4828-A848-5C85C8B14BC8}
		{EC95F279-2128-42B4-A1ED-BDBED67DE9D9} = {4906EAEE-FABC-45BB-AFF4-C1C9C8B65A7F}
		{6D4108B3-3671-4DCD-9FE3-7A73723BA476} = {4AC8FF36-EE7B-4898-AF42-A1FF37E7FF7A}
		{DAA612AD-653F-41F8-842D-4E115BEFC27A} = {7558B181-76CA-4F05-88BE-26A032C43B48}
		{F8AF169F-6EB7-4DD1-9ED1-3660326F7CED} = {4AC8FF36-EE7B-4898-AF42-A1FF37E7FF7A}
		{FB6391B2-816D-43C7-B5C2-BB5CA163CE02} = {C82E10BB-37C1-4BF3-BE57-F3DD587132EB}
		{E5CA5D44-D02C-42BF-A2B2-9672DD6C73E6} = {66F3DB94-A10F-452D-BE98-6B4A24937CBE}
		{30173811-7C40-402D-A17C-76E6CA76A99C} = {BAC713C1-E11F-43B4-BAE6-02B0A5D895C0}
		{BFD4F5A7-4E6E-4EB8-9641-531929208001} = {6E9A75F8-ED0E-4828-A848-5C85C8B14BC8}
		{4DC3A701-1850-442D-A0EE-E4A27D5E7964} = {7558B181-76CA-4F05-88BE-26A032C43B48}
		{4044CD8B-A42B-46E1-ADE9-247A7E39DF73} = {66F3DB94-A10F-452D-BE98-6B4A24937CBE}
	EndGlobalSection
	GlobalSection(ExtensibilityGlobals) = postSolution
		SolutionGuid = {DEC462AA-2E06-4AE7-8A0E-898502B78F2D}
	EndGlobalSection
EndGlobal
